
Microsoft Visual Studio Solution File, Format Version 12.00
# Visual Studio Version 17
VisualStudioVersion = 17.0.31903.59
MinimumVisualStudioVersion = 10.0.40219.1
Project("{2150E333-8FDC-42A3-9474-1A3956D46DE8}") = "src", "src", "{740DB845-AB0B-41EC-99BD-191BE97D2F55}"
EndProject
Project("{2150E333-8FDC-42A3-9474-1A3956D46DE8}") = "Sample", "Sample", "{0306E602-2449-485D-AA6D-D4B640B45E44}"
EndProject
Project("{FAE04EC0-301F-11D3-BF4B-00C04F79EFBC}") = "Brimborium.Macro.GeneratorLibrary", "src\Brimborium.Macro.GeneratorLibrary\Brimborium.Macro.GeneratorLibrary.csproj", "{31531DD5-F69C-4777-8C33-36CDFBB3BA5B}"
EndProject
Project("{2150E333-8FDC-42A3-9474-1A3956D46DE8}") = "external", "external", "{02EA681E-C7D8-13C7-8484-4AC65E1B71E8}"
EndProject
Project("{FAE04EC0-301F-11D3-BF4B-00C04F79EFBC}") = "Scriban", "external\scriban\Scriban\Scriban.csproj", "{4A984DFE-7F38-C025-A40F-F143B709547F}"
EndProject
Project("{FAE04EC0-301F-11D3-BF4B-00C04F79EFBC}") = "Brimborium.Macro.GeneratorLibrary.Test", "src\Brimborium.Macro.GeneratorLibrary.Test\Brimborium.Macro.GeneratorLibrary.Test.csproj", "{DD584C08-F449-484E-8564-D357155F2BD0}"
EndProject
Project("{FAE04EC0-301F-11D3-BF4B-00C04F79EFBC}") = "Mono.TextTemplating", "external\t4\Mono.TextTemplating\Mono.TextTemplating.csproj", "{C79A49B0-E79B-76E9-B477-F131DF227301}"
EndProject
Project("{2150E333-8FDC-42A3-9474-1A3956D46DE8}") = "Solution Items", "Solution Items", "{8EC462FD-D22E-90A8-E5CE-7E832BA40C5D}"
	ProjectSection(SolutionItems) = preProject
		.editorconfig = .editorconfig
		.gitattributes = .gitattributes
		.gitignore = .gitignore
		Directory.Build.props = Directory.Build.props
		global.json = global.json
		README.md = README.md
	EndProjectSection
EndProject
Project("{FAE04EC0-301F-11D3-BF4B-00C04F79EFBC}") = "Sample1App", "Sample\sample1\Sample1App\Sample1App.csproj", "{F184351C-FA7D-0FD0-6E6D-55A0D5215E0E}"
EndProject
Project("{FAE04EC0-301F-11D3-BF4B-00C04F79EFBC}") = "TargetMacroCli", "Sample\sample1\TargetMacroCli\TargetMacroCli.csproj", "{4985D4EB-D2D7-F8B7-C86D-2F789D546318}"
EndProject
Project("{FAE04EC0-301F-11D3-BF4B-00C04F79EFBC}") = "Brimborium.Macro.CliLibrary", "src\Brimborium.Macro.CliLibrary\Brimborium.Macro.CliLibrary.csproj", "{DBF70F4F-B0B5-509D-FD6B-F458B7A89853}"
EndProject
Project("{FAE04EC0-301F-11D3-BF4B-00C04F79EFBC}") = "Brimborium.Macro.Cli", "src\Brimborium.Macro.Cli\Brimborium.Macro.Cli.csproj", "{CFA2B500-1D1C-BE5E-4542-C86A054D6A87}"
EndProject
Global
	GlobalSection(SolutionConfigurationPlatforms) = preSolution
		Debug|Any CPU = Debug|Any CPU
		Release|Any CPU = Release|Any CPU
	EndGlobalSection
	GlobalSection(ProjectConfigurationPlatforms) = postSolution
		{31531DD5-F69C-4777-8C33-36CDFBB3BA5B}.Debug|Any CPU.ActiveCfg = Debug|Any CPU
		{31531DD5-F69C-4777-8C33-36CDFBB3BA5B}.Debug|Any CPU.Build.0 = Debug|Any CPU
		{31531DD5-F69C-4777-8C33-36CDFBB3BA5B}.Release|Any CPU.ActiveCfg = Release|Any CPU
		{31531DD5-F69C-4777-8C33-36CDFBB3BA5B}.Release|Any CPU.Build.0 = Release|Any CPU
		{4A984DFE-7F38-C025-A40F-F143B709547F}.Debug|Any CPU.ActiveCfg = Debug|Any CPU
		{4A984DFE-7F38-C025-A40F-F143B709547F}.Debug|Any CPU.Build.0 = Debug|Any CPU
		{4A984DFE-7F38-C025-A40F-F143B709547F}.Release|Any CPU.ActiveCfg = Release|Any CPU
		{4A984DFE-7F38-C025-A40F-F143B709547F}.Release|Any CPU.Build.0 = Release|Any CPU
		{DD584C08-F449-484E-8564-D357155F2BD0}.Debug|Any CPU.ActiveCfg = Debug|Any CPU
		{DD584C08-F449-484E-8564-D357155F2BD0}.Debug|Any CPU.Build.0 = Debug|Any CPU
		{DD584C08-F449-484E-8564-D357155F2BD0}.Release|Any CPU.ActiveCfg = Release|Any CPU
		{DD584C08-F449-484E-8564-D357155F2BD0}.Release|Any CPU.Build.0 = Release|Any CPU
		{C79A49B0-E79B-76E9-B477-F131DF227301}.Debug|Any CPU.ActiveCfg = Debug|Any CPU
		{C79A49B0-E79B-76E9-B477-F131DF227301}.Debug|Any CPU.Build.0 = Debug|Any CPU
		{C79A49B0-E79B-76E9-B477-F131DF227301}.Release|Any CPU.ActiveCfg = Release|Any CPU
		{C79A49B0-E79B-76E9-B477-F131DF227301}.Release|Any CPU.Build.0 = Release|Any CPU
		{F184351C-FA7D-0FD0-6E6D-55A0D5215E0E}.Debug|Any CPU.ActiveCfg = Debug|Any CPU
		{F184351C-FA7D-0FD0-6E6D-55A0D5215E0E}.Debug|Any CPU.Build.0 = Debug|Any CPU
		{F184351C-FA7D-0FD0-6E6D-55A0D5215E0E}.Release|Any CPU.ActiveCfg = Release|Any CPU
		{F184351C-FA7D-0FD0-6E6D-55A0D5215E0E}.Release|Any CPU.Build.0 = Release|Any CPU
		{4985D4EB-D2D7-F8B7-C86D-2F789D546318}.Debug|Any CPU.ActiveCfg = Debug|Any CPU
		{4985D4EB-D2D7-F8B7-C86D-2F789D546318}.Debug|Any CPU.Build.0 = Debug|Any CPU
		{4985D4EB-D2D7-F8B7-C86D-2F789D546318}.Release|Any CPU.ActiveCfg = Release|Any CPU
		{4985D4EB-D2D7-F8B7-C86D-2F789D546318}.Release|Any CPU.Build.0 = Release|Any CPU
		{DBF70F4F-B0B5-509D-FD6B-F458B7A89853}.Debug|Any CPU.ActiveCfg = Debug|Any CPU
		{DBF70F4F-B0B5-509D-FD6B-F458B7A89853}.Debug|Any CPU.Build.0 = Debug|Any CPU
		{DBF70F4F-B0B5-509D-FD6B-F458B7A89853}.Release|Any CPU.ActiveCfg = Release|Any CPU
		{DBF70F4F-B0B5-509D-FD6B-F458B7A89853}.Release|Any CPU.Build.0 = Release|Any CPU
		{CFA2B500-1D1C-BE5E-4542-C86A054D6A87}.Debug|Any CPU.ActiveCfg = Debug|Any CPU
		{CFA2B500-1D1C-BE5E-4542-C86A054D6A87}.Debug|Any CPU.Build.0 = Debug|Any CPU
		{CFA2B500-1D1C-BE5E-4542-C86A054D6A87}.Release|Any CPU.ActiveCfg = Release|Any CPU
		{CFA2B500-1D1C-BE5E-4542-C86A054D6A87}.Release|Any CPU.Build.0 = Release|Any CPU
	EndGlobalSection
	GlobalSection(SolutionProperties) = preSolution
		HideSolutionNode = FALSE
	EndGlobalSection
	GlobalSection(NestedProjects) = preSolution
		{31531DD5-F69C-4777-8C33-36CDFBB3BA5B} = {740DB845-AB0B-41EC-99BD-191BE97D2F55}
		{4A984DFE-7F38-C025-A40F-F143B709547F} = {02EA681E-C7D8-13C7-8484-4AC65E1B71E8}
		{DD584C08-F449-484E-8564-D357155F2BD0} = {740DB845-AB0B-41EC-99BD-191BE97D2F55}
		{C79A49B0-E79B-76E9-B477-F131DF227301} = {02EA681E-C7D8-13C7-8484-4AC65E1B71E8}
		{F184351C-FA7D-0FD0-6E6D-55A0D5215E0E} = {0306E602-2449-485D-AA6D-D4B640B45E44}
		{4985D4EB-D2D7-F8B7-C86D-2F789D546318} = {0306E602-2449-485D-AA6D-D4B640B45E44}
		{DBF70F4F-B0B5-509D-FD6B-F458B7A89853} = {740DB845-AB0B-41EC-99BD-191BE97D2F55}
		{CFA2B500-1D1C-BE5E-4542-C86A054D6A87} = {740DB845-AB0B-41EC-99BD-191BE97D2F55}
	EndGlobalSection
	GlobalSection(ExtensibilityGlobals) = postSolution
		SolutionGuid = {6264C1C3-650B-4978-B65A-CEF1A8711BCC}
	EndGlobalSection
EndGlobal
